// !$*UTF8*$!
{
	archiveVersion = 1;
	classes = {
	};
	objectVersion = 46;
	objects = {

/* Begin PBXBuildFile section */
		2772EEAFE07A813928DF0CBF /* Pods_RainyShiny.framework in Frameworks */ = {isa = PBXBuildFile; fileRef = 45308877E8254ECC3A668B2B /* Pods_RainyShiny.framework */; };
		483B23A21DECD43400C87C90 /* Constants.swift in Sources */ = {isa = PBXBuildFile; fileRef = 483B23A11DECD43400C87C90 /* Constants.swift */; };
		483B23A41DECD74A00C87C90 /* CurrentWeather.swift in Sources */ = {isa = PBXBuildFile; fileRef = 483B23A31DECD74A00C87C90 /* CurrentWeather.swift */; };
		483B23A61DF1F56B00C87C90 /* Forecast.swift in Sources */ = {isa = PBXBuildFile; fileRef = 483B23A51DF1F56B00C87C90 /* Forecast.swift */; };
		483B23A81DF2037500C87C90 /* WeatherCell.swift in Sources */ = {isa = PBXBuildFile; fileRef = 483B23A71DF2037500C87C90 /* WeatherCell.swift */; };
		48F057CC1DCA755C00644ED9 /* AppDelegate.swift in Sources */ = {isa = PBXBuildFile; fileRef = 48F057CB1DCA755C00644ED9 /* AppDelegate.swift */; };
		48F057CE1DCA755C00644ED9 /* WeatherVC.swift in Sources */ = {isa = PBXBuildFile; fileRef = 48F057CD1DCA755C00644ED9 /* WeatherVC.swift */; };
		48F057D11DCA755C00644ED9 /* Main.storyboard in Resources */ = {isa = PBXBuildFile; fileRef = 48F057CF1DCA755C00644ED9 /* Main.storyboard */; };
		48F057D31DCA755C00644ED9 /* Assets.xcassets in Resources */ = {isa = PBXBuildFile; fileRef = 48F057D21DCA755C00644ED9 /* Assets.xcassets */; };
		48F057D61DCA755C00644ED9 /* LaunchScreen.storyboard in Resources */ = {isa = PBXBuildFile; fileRef = 48F057D41DCA755C00644ED9 /* LaunchScreen.storyboard */; };
/* End PBXBuildFile section */

/* Begin PBXFileReference section */
		45308877E8254ECC3A668B2B /* Pods_RainyShiny.framework */ = {isa = PBXFileReference; explicitFileType = wrapper.framework; includeInIndex = 0; path = Pods_RainyShiny.framework; sourceTree = BUILT_PRODUCTS_DIR; };
		483B23A11DECD43400C87C90 /* Constants.swift */ = {isa = PBXFileReference; fileEncoding = 4; lastKnownFileType = sourcecode.swift; path = Constants.swift; sourceTree = "<group>"; };
		483B23A31DECD74A00C87C90 /* CurrentWeather.swift */ = {isa = PBXFileReference; fileEncoding = 4; lastKnownFileType = sourcecode.swift; path = CurrentWeather.swift; sourceTree = "<group>"; };
		483B23A51DF1F56B00C87C90 /* Forecast.swift */ = {isa = PBXFileReference; fileEncoding = 4; lastKnownFileType = sourcecode.swift; path = Forecast.swift; sourceTree = "<group>"; };
		483B23A71DF2037500C87C90 /* WeatherCell.swift */ = {isa = PBXFileReference; fileEncoding = 4; lastKnownFileType = sourcecode.swift; path = WeatherCell.swift; sourceTree = "<group>"; };
		48F057C81DCA755C00644ED9 /* RainyShiny.app */ = {isa = PBXFileReference; explicitFileType = wrapper.application; includeInIndex = 0; path = RainyShiny.app; sourceTree = BUILT_PRODUCTS_DIR; };
		48F057CB1DCA755C00644ED9 /* AppDelegate.swift */ = {isa = PBXFileReference; lastKnownFileType = sourcecode.swift; path = AppDelegate.swift; sourceTree = "<group>"; };
		48F057CD1DCA755C00644ED9 /* WeatherVC.swift */ = {isa = PBXFileReference; lastKnownFileType = sourcecode.swift; path = WeatherVC.swift; sourceTree = "<group>"; };
		48F057D01DCA755C00644ED9 /* Base */ = {isa = PBXFileReference; lastKnownFileType = file.storyboard; name = Base; path = Base.lproj/Main.storyboard; sourceTree = "<group>"; };
		48F057D21DCA755C00644ED9 /* Assets.xcassets */ = {isa = PBXFileReference; lastKnownFileType = folder.assetcatalog; path = Assets.xcassets; sourceTree = "<group>"; };
		48F057D51DCA755C00644ED9 /* Base */ = {isa = PBXFileReference; lastKnownFileType = file.storyboard; name = Base; path = Base.lproj/LaunchScreen.storyboard; sourceTree = "<group>"; };
		48F057D71DCA755C00644ED9 /* Info.plist */ = {isa = PBXFileReference; lastKnownFileType = text.plist.xml; path = Info.plist; sourceTree = "<group>"; };
		55B39A3ADFA9E809674BD573 /* Pods-RainyShiny.release.xcconfig */ = {isa = PBXFileReference; includeInIndex = 1; lastKnownFileType = text.xcconfig; name = "Pods-RainyShiny.release.xcconfig"; path = "Pods/Target Support Files/Pods-RainyShiny/Pods-RainyShiny.release.xcconfig"; sourceTree = "<group>"; };
		E337F117349E315A29921A7D /* Pods-RainyShiny.debug.xcconfig */ = {isa = PBXFileReference; includeInIndex = 1; lastKnownFileType = text.xcconfig; name = "Pods-RainyShiny.debug.xcconfig"; path = "Pods/Target Support Files/Pods-RainyShiny/Pods-RainyShiny.debug.xcconfig"; sourceTree = "<group>"; };
/* End PBXFileReference section */

/* Begin PBXFrameworksBuildPhase section */
		48F057C51DCA755C00644ED9 /* Frameworks */ = {
			isa = PBXFrameworksBuildPhase;
			buildActionMask = 2147483647;
			files = (
				2772EEAFE07A813928DF0CBF /* Pods_RainyShiny.framework in Frameworks */,
			);
			runOnlyForDeploymentPostprocessing = 0;
		};
/* End PBXFrameworksBuildPhase section */

/* Begin PBXGroup section */
		2300234B822F96353901846D /* Pods */ = {
			isa = PBXGroup;
			children = (
				E337F117349E315A29921A7D /* Pods-RainyShiny.debug.xcconfig */,
				55B39A3ADFA9E809674BD573 /* Pods-RainyShiny.release.xcconfig */,
			);
			name = Pods;
			sourceTree = "<group>";
		};
		48F057BF1DCA755C00644ED9 = {
			isa = PBXGroup;
			children = (
				48F057CA1DCA755C00644ED9 /* RainyShiny */,
				48F057C91DCA755C00644ED9 /* Products */,
				2300234B822F96353901846D /* Pods */,
				D2573A359C04C62218CCF887 /* Frameworks */,
			);
			sourceTree = "<group>";
		};
		48F057C91DCA755C00644ED9 /* Products */ = {
			isa = PBXGroup;
			children = (
				48F057C81DCA755C00644ED9 /* RainyShiny.app */,
			);
			name = Products;
			sourceTree = "<group>";
		};
		48F057CA1DCA755C00644ED9 /* RainyShiny */ = {
			isa = PBXGroup;
			children = (
				48F057CB1DCA755C00644ED9 /* AppDelegate.swift */,
				48F057CD1DCA755C00644ED9 /* WeatherVC.swift */,
				48F057CF1DCA755C00644ED9 /* Main.storyboard */,
				48F057D21DCA755C00644ED9 /* Assets.xcassets */,
				48F057D41DCA755C00644ED9 /* LaunchScreen.storyboard */,
				48F057D71DCA755C00644ED9 /* Info.plist */,
				483B23A11DECD43400C87C90 /* Constants.swift */,
				483B23A31DECD74A00C87C90 /* CurrentWeather.swift */,
				483B23A51DF1F56B00C87C90 /* Forecast.swift */,
				483B23A71DF2037500C87C90 /* WeatherCell.swift */,
			);
			path = RainyShiny;
			sourceTree = "<group>";
		};
		D2573A359C04C62218CCF887 /* Frameworks */ = {
			isa = PBXGroup;
			children = (
				45308877E8254ECC3A668B2B /* Pods_RainyShiny.framework */,
			);
			name = Frameworks;
			sourceTree = "<group>";
		};
/* End PBXGroup section */

/* Begin PBXNativeTarget section */
		48F057C71DCA755C00644ED9 /* RainyShiny */ = {
			isa = PBXNativeTarget;
			buildConfigurationList = 48F057DA1DCA755C00644ED9 /* Build configuration list for PBXNativeTarget "RainyShiny" */;
			buildPhases = (
				1DA0CEC0F9F38B34E7AB9EF0 /* [CP] Check Pods Manifest.lock */,
				48F057C41DCA755C00644ED9 /* Sources */,
				48F057C51DCA755C00644ED9 /* Frameworks */,
				48F057C61DCA755C00644ED9 /* Resources */,
				CA64242B1564E7EBC545570A /* [CP] Embed Pods Frameworks */,
				171D671682B2C789FCDD09E2 /* [CP] Copy Pods Resources */,
			);
			buildRules = (
			);
			dependencies = (
			);
			name = RainyShiny;
			productName = RainyShiny;
			productReference = 48F057C81DCA755C00644ED9 /* RainyShiny.app */;
			productType = "com.apple.product-type.application";
		};
/* End PBXNativeTarget section */

/* Begin PBXProject section */
		48F057C01DCA755C00644ED9 /* Project object */ = {
			isa = PBXProject;
			attributes = {
				LastSwiftUpdateCheck = 0810;
				LastUpgradeCheck = 0810;
				ORGANIZATIONNAME = "Matthew Wood";
				TargetAttributes = {
					48F057C71DCA755C00644ED9 = {
						CreatedOnToolsVersion = 8.1;
						DevelopmentTeam = P4EULK4HLY;
						ProvisioningStyle = Automatic;
					};
				};
			};
			buildConfigurationList = 48F057C31DCA755C00644ED9 /* Build configuration list for PBXProject "RainyShiny" */;
			compatibilityVersion = "Xcode 3.2";
			developmentRegion = English;
			hasScannedForEncodings = 0;
			knownRegions = (
				en,
				Base,
			);
			mainGroup = 48F057BF1DCA755C00644ED9;
			productRefGroup = 48F057C91DCA755C00644ED9 /* Products */;
			projectDirPath = "";
			projectRoot = "";
			targets = (
				48F057C71DCA755C00644ED9 /* RainyShiny */,
			);
		};
/* End PBXProject section */

/* Begin PBXResourcesBuildPhase section */
		48F057C61DCA755C00644ED9 /* Resources */ = {
			isa = PBXResourcesBuildPhase;
			buildActionMask = 2147483647;
			files = (
				48F057D61DCA755C00644ED9 /* LaunchScreen.storyboard in Resources */,
				48F057D31DCA755C00644ED9 /* Assets.xcassets in Resources */,
				48F057D11DCA755C00644ED9 /* Main.storyboard in Resources */,
			);
			runOnlyForDeploymentPostprocessing = 0;
		};
/* End PBXResourcesBuildPhase section */

/* Begin PBXShellScriptBuildPhase section */
		171D671682B2C789FCDD09E2 /* [CP] Copy Pods Resources */ = {
			isa = PBXShellScriptBuildPhase;
			buildActionMask = 2147483647;
			files = (
			);
			inputPaths = (
			);
			name = "[CP] Copy Pods Resources";
			outputPaths = (
			);
			runOnlyForDeploymentPostprocessing = 0;
			shellPath = /bin/sh;
			shellScript = "\"${SRCROOT}/Pods/Target Support Files/Pods-RainyShiny/Pods-RainyShiny-resources.sh\"\n";
			showEnvVarsInLog = 0;
		};
		1DA0CEC0F9F38B34E7AB9EF0 /* [CP] Check Pods Manifest.lock */ = {
			isa = PBXShellScriptBuildPhase;
			buildActionMask = 2147483647;
			files = (
			);
			inputPaths = (
			);
			name = "[CP] Check Pods Manifest.lock";
			outputPaths = (
			);
			runOnlyForDeploymentPostprocessing = 0;
			shellPath = /bin/sh;
			shellScript = "diff \"${PODS_ROOT}/../Podfile.lock\" \"${PODS_ROOT}/Manifest.lock\" > /dev/null\nif [ $? != 0 ] ; then\n    # print error to STDERR\n    echo \"error: The sandbox is not in sync with the Podfile.lock. Run 'pod install' or update your CocoaPods installation.\" >&2\n    exit 1\nfi\n";
			showEnvVarsInLog = 0;
		};
		CA64242B1564E7EBC545570A /* [CP] Embed Pods Frameworks */ = {
			isa = PBXShellScriptBuildPhase;
			buildActionMask = 2147483647;
			files = (
			);
			inputPaths = (
			);
			name = "[CP] Embed Pods Frameworks";
			outputPaths = (
			);
			runOnlyForDeploymentPostprocessing = 0;
			shellPath = /bin/sh;
			shellScript = "\"${SRCROOT}/Pods/Target Support Files/Pods-RainyShiny/Pods-RainyShiny-frameworks.sh\"\n";
			showEnvVarsInLog = 0;
		};
/* End PBXShellScriptBuildPhase section */

/* Begin PBXSourcesBuildPhase section */
		48F057C41DCA755C00644ED9 /* Sources */ = {
			isa = PBXSourcesBuildPhase;
			buildActionMask = 2147483647;
			files = (
				48F057CE1DCA755C00644ED9 /* WeatherVC.swift in Sources */,
				48F057CC1DCA755C00644ED9 /* AppDelegate.swift in Sources */,
				483B23A81DF2037500C87C90 /* WeatherCell.swift in Sources */,
				483B23A41DECD74A00C87C90 /* CurrentWeather.swift in Sources */,
				483B23A21DECD43400C87C90 /* Constants.swift in Sources */,
				483B23A61DF1F56B00C87C90 /* Forecast.swift in Sources */,
			);
			runOnlyForDeploymentPostprocessing = 0;
		};
/* End PBXSourcesBuildPhase section */

/* Begin PBXVariantGroup section */
		48F057CF1DCA755C00644ED9 /* Main.storyboard */ = {
			isa = PBXVariantGroup;
			children = (
				48F057D01DCA755C00644ED9 /* Base */,
			);
			name = Main.storyboard;
			sourceTree = "<group>";
		};
		48F057D41DCA755C00644ED9 /* LaunchScreen.storyboard */ = {
			isa = PBXVariantGroup;
			children = (
				48F057D51DCA755C00644ED9 /* Base */,
			);
			name = LaunchScreen.storyboard;
			sourceTree = "<group>";
		};
/* End PBXVariantGroup section */

/* Begin XCBuildConfiguration section */
		48F057D81DCA755C00644ED9 /* Debug */ = {
			isa = XCBuildConfiguration;
			buildSettings = {
				ALWAYS_SEARCH_USER_PATHS = NO;
				CLANG_ANALYZER_NONNULL = YES;
				CLANG_CXX_LANGUAGE_STANDARD = "gnu++0x";
				CLANG_CXX_LIBRARY = "libc++";
				CLANG_ENABLE_MODULES = YES;
				CLANG_ENABLE_OBJC_ARC = YES;
				CLANG_WARN_BOOL_CONVERSION = YES;
				CLANG_WARN_CONSTANT_CONVERSION = YES;
				CLANG_WARN_DIRECT_OBJC_ISA_USAGE = YES_ERROR;
				CLANG_WARN_DOCUMENTATION_COMMENTS = YES;
				CLANG_WARN_EMPTY_BODY = YES;
				CLANG_WARN_ENUM_CONVERSION = YES;
				CLANG_WARN_INFINITE_RECURSION = YES;
				CLANG_WARN_INT_CONVERSION = YES;
				CLANG_WARN_OBJC_ROOT_CLASS = YES_ERROR;
				CLANG_WARN_SUSPICIOUS_MOVES = YES;
				CLANG_WARN_UNREACHABLE_CODE = YES;
				CLANG_WARN__DUPLICATE_METHOD_MATCH = YES;
				"CODE_SIGN_IDENTITY[sdk=iphoneos*]" = "iPhone Developer";
				COPY_PHASE_STRIP = NO;
				DEBUG_INFORMATION_FORMAT = dwarf;
				ENABLE_STRICT_OBJC_MSGSEND = YES;
				ENABLE_TESTABILITY = YES;
				GCC_C_LANGUAGE_STANDARD = gnu99;
				GCC_DYNAMIC_NO_PIC = NO;
				GCC_NO_COMMON_BLOCKS = YES;
				GCC_OPTIMIZATION_LEVEL = 0;
				GCC_PREPROCESSOR_DEFINITIONS = (
					"DEBUG=1",
					"$(inherited)",
				);
				GCC_WARN_64_TO_32_BIT_CONVERSION = YES;
				GCC_WARN_ABOUT_RETURN_TYPE = YES_ERROR;
				GCC_WARN_UNDECLARED_SELECTOR = YES;
				GCC_WARN_UNINITIALIZED_AUTOS = YES_AGGRESSIVE;
				GCC_WARN_UNUSED_FUNCTION = YES;
				GCC_WARN_UNUSED_VARIABLE = YES;
				IPHONEOS_DEPLOYMENT_TARGET = 10.1;
				MTL_ENABLE_DEBUG_INFO = YES;
				ONLY_ACTIVE_ARCH = YES;
				SDKROOT = iphoneos;
				SWIFT_ACTIVE_COMPILATION_CONDITIONS = DEBUG;
				SWIFT_OPTIMIZATION_LEVEL = "-Onone";
				TARGETED_DEVICE_FAMILY = "1,2";
			};
			name = Debug;
		};
		48F057D91DCA755C00644ED9 /* Release */ = {
			isa = XCBuildConfiguration;
			buildSettings = {
				ALWAYS_SEARCH_USER_PATHS = NO;
				CLANG_ANALYZER_NONNULL = YES;
				CLANG_CXX_LANGUAGE_STANDARD = "gnu++0x";
				CLANG_CXX_LIBRARY = "libc++";
				CLANG_ENABLE_MODULES = YES;
				CLANG_ENABLE_OBJC_ARC = YES;
				CLANG_WARN_BOOL_CONVERSION = YES;
				CLANG_WARN_CONSTANT_CONVERSION = YES;
				CLANG_WARN_DIRECT_OBJC_ISA_USAGE = YES_ERROR;
				CLANG_WARN_DOCUMENTATION_COMMENTS = YES;
				CLANG_WARN_EMPTY_BODY = YES;
				CLANG_WARN_ENUM_CONVERSION = YES;
				CLANG_WARN_INFINITE_RECURSION = YES;
				CLANG_WARN_INT_CONVERSION = YES;
				CLANG_WARN_OBJC_ROOT_CLASS = YES_ERROR;
				CLANG_WARN_SUSPICIOUS_MOVES = YES;
				CLANG_WARN_UNREACHABLE_CODE = YES;
				CLANG_WARN__DUPLICATE_METHOD_MATCH = YES;
				"CODE_SIGN_IDENTITY[sdk=iphoneos*]" = "iPhone Developer";
				COPY_PHASE_STRIP = NO;
				DEBUG_INFORMATION_FORMAT = "dwarf-with-dsym";
				ENABLE_NS_ASSERTIONS = NO;
				ENABLE_STRICT_OBJC_MSGSEND = YES;
				GCC_C_LANGUAGE_STANDARD = gnu99;
				GCC_NO_COMMON_BLOCKS = YES;
				GCC_WARN_64_TO_32_BIT_CONVERSION = YES;
				GCC_WARN_ABOUT_RETURN_TYPE = YES_ERROR;
				GCC_WARN_UNDECLARED_SELECTOR = YES;
				GCC_WARN_UNINITIALIZED_AUTOS = YES_AGGRESSIVE;
				GCC_WARN_UNUSED_FUNCTION = YES;
				GCC_WARN_UNUSED_VARIABLE = YES;
				IPHONEOS_DEPLOYMENT_TARGET = 10.1;
				MTL_ENABLE_DEBUG_INFO = NO;
				SDKROOT = iphoneos;
				SWIFT_OPTIMIZATION_LEVEL = "-Owholemodule";
				TARGETED_DEVICE_FAMILY = "1,2";
				VALIDATE_PRODUCT = YES;
			};
			name = Release;
		};
		48F057DB1DCA755C00644ED9 /* Debug */ = {
			isa = XCBuildConfiguration;
			baseConfigurationReference = E337F117349E315A29921A7D /* Pods-RainyShiny.debug.xcconfig */;
			buildSettings = {
				ASSETCATALOG_COMPILER_APPICON_NAME = AppIcon;
				DEVELOPMENT_TEAM = P4EULK4HLY;
				INFOPLIST_FILE = RainyShiny/Info.plist;
				LD_RUNPATH_SEARCH_PATHS = "$(inherited) @executable_path/Frameworks";
				PRODUCT_BUNDLE_IDENTIFIER = self.edu.matthew.RainyShiny;
				PRODUCT_NAME = "$(TARGET_NAME)";
				SWIFT_VERSION = 3.0;
				TARGETED_DEVICE_FAMILY = 1;
			};
			name = Debug;
		};
		48F057DC1DCA755C00644ED9 /* Release */ = {
			isa = XCBuildConfiguration;
			baseConfigurationReference = 55B39A3ADFA9E809674BD573 /* Pods-RainyShiny.release.xcconfig */;
			buildSettings = {
				ASSETCATALOG_COMPILER_APPICON_NAME = AppIcon;
				DEVELOPMENT_TEAM = P4EULK4HLY;
				INFOPLIST_FILE = RainyShiny/Info.plist;
				LD_RUNPATH_SEARCH_PATHS = "$(inherited) @executable_path/Frameworks";
				PRODUCT_BUNDLE_IDENTIFIER = self.edu.matthew.RainyShiny;
				PRODUCT_NAME = "$(TARGET_NAME)";
				SWIFT_VERSION = 3.0;
				TARGETED_DEVICE_FAMILY = 1;
			};
			name = Release;
		};
/* End XCBuildConfiguration section */

/* Begin XCConfigurationList section */
		48F057C31DCA755C00644ED9 /* Build configuration list for PBXProject "RainyShiny" */ = {
			isa = XCConfigurationList;
			buildConfigurations = (
				48F057D81DCA755C00644ED9 /* Debug */,
				48F057D91DCA755C00644ED9 /* Release */,
			);
			defaultConfigurationIsVisible = 0;
			defaultConfigurationName = Release;
		};
		48F057DA1DCA755C00644ED9 /* Build configuration list for PBXNativeTarget "RainyShiny" */ = {
			isa = XCConfigurationList;
			buildConfigurations = (
				48F057DB1DCA755C00644ED9 /* Debug */,
				48F057DC1DCA755C00644ED9 /* Release */,
			);
			defaultConfigurationIsVisible = 0;
			defaultConfigurationName = Release;
		};
/* End XCConfigurationList section */
	};
	rootObject = 48F057C01DCA755C00644ED9 /* Project object */;
}
